
Microsoft Visual Studio Solution File, Format Version 12.00
# Visual Studio Version 16
VisualStudioVersion = 16.0.31729.503
MinimumVisualStudioVersion = 10.0.40219.1
Project("{FAE04EC0-301F-11D3-BF4B-00C04F79EFBC}") = "MVC_GerenciadorDeCont", "MVC_GerenciadorDeCont\MVC_GerenciadorDeCont.csproj", "{B8EDC4A8-9C5A-44F1-89F5-8A1C923BAF58}"
EndProject
Project("{FAE04EC0-301F-11D3-BF4B-00C04F79EFBC}") = "Business", "Business\Business.csproj", "{35905EBC-763F-4A2F-AE1A-0BE40801FEF6}"
EndProject
Project("{FAE04EC0-301F-11D3-BF4B-00C04F79EFBC}") = "Database", "Database\Database.csproj", "{F0844B0C-1148-41D6-AF15-BC5EA8AD4E64}"
EndProject
Global
	GlobalSection(SolutionConfigurationPlatforms) = preSolution
		Debug|Any CPU = Debug|Any CPU
		Release|Any CPU = Release|Any CPU
	EndGlobalSection
	GlobalSection(ProjectConfigurationPlatforms) = postSolution
		{B8EDC4A8-9C5A-44F1-89F5-8A1C923BAF58}.Debug|Any CPU.ActiveCfg = Debug|Any CPU
		{B8EDC4A8-9C5A-44F1-89F5-8A1C923BAF58}.Debug|Any CPU.Build.0 = Debug|Any CPU
		{B8EDC4A8-9C5A-44F1-89F5-8A1C923BAF58}.Release|Any CPU.ActiveCfg = Release|Any CPU
		{B8EDC4A8-9C5A-44F1-89F5-8A1C923BAF58}.Release|Any CPU.Build.0 = Release|Any CPU
		{35905EBC-763F-4A2F-AE1A-0BE40801FEF6}.Debug|Any CPU.ActiveCfg = Debug|Any CPU
		{35905EBC-763F-4A2F-AE1A-0BE40801FEF6}.Debug|Any CPU.Build.0 = Debug|Any CPU
		{35905EBC-763F-4A2F-AE1A-0BE40801FEF6}.Release|Any CPU.ActiveCfg = Release|Any CPU
		{35905EBC-763F-4A2F-AE1A-0BE40801FEF6}.Release|Any CPU.Build.0 = Release|Any CPU
		{F0844B0C-1148-41D6-AF15-BC5EA8AD4E64}.Debug|Any CPU.ActiveCfg = Debug|Any CPU
		{F0844B0C-1148-41D6-AF15-BC5EA8AD4E64}.Debug|Any CPU.Build.0 = Debug|Any CPU
		{F0844B0C-1148-41D6-AF15-BC5EA8AD4E64}.Release|Any CPU.ActiveCfg = Release|Any CPU
		{F0844B0C-1148-41D6-AF15-BC5EA8AD4E64}.Release|Any CPU.Build.0 = Release|Any CPU
	EndGlobalSection
	GlobalSection(SolutionProperties) = preSolution
		HideSolutionNode = FALSE
	EndGlobalSection
	GlobalSection(ExtensibilityGlobals) = postSolution
		SolutionGuid = {9B397019-650A-42F5-A0EA-E2F5B6506F2E}
	EndGlobalSection
EndGlobal
